
Microsoft Visual Studio Solution File, Format Version 12.00
Project("{FAE04EC0-301F-11D3-BF4B-00C04F79EFBC}") = "Task-3", "Task-3.csproj", "{323F9709-5A98-46F5-8D06-898887639C1F}"
EndProject
Global
	GlobalSection(SolutionConfigurationPlatforms) = preSolution
		Debug|Any CPU = Debug|Any CPU
		Release|Any CPU = Release|Any CPU
	EndGlobalSection
	GlobalSection(ProjectConfigurationPlatforms) = postSolution
		{323F9709-5A98-46F5-8D06-898887639C1F}.Debug|Any CPU.ActiveCfg = Debug|Any CPU
		{323F9709-5A98-46F5-8D06-898887639C1F}.Debug|Any CPU.Build.0 = Debug|Any CPU
		{323F9709-5A98-46F5-8D06-898887639C1F}.Release|Any CPU.ActiveCfg = Release|Any CPU
		{323F9709-5A98-46F5-8D06-898887639C1F}.Release|Any CPU.Build.0 = Release|Any CPU
	EndGlobalSection
EndGlobal
